github.com/gunrgnhsr/Cycloud v0.0.0-20241002054623-fb178cb4e6a9 h1:09HBrHyI7+sIEsW1bZUf9FJQPCgkJPa4+eOTRD9lTM8=
github.com/gunrgnhsr/Cycloud v0.0.0-20241002054623-fb178cb4e6a9/go.mod h1:H+KlUi+7Iw2fhqJeyT6JK2c5/Tk9TG5JKfijJMwhByE=
github.com/joho/godotenv v1.5.1 h1:7eLL/+HRGLY0ldzfGMeQkb7vMd0as4CfYvUVzLqw0N0=
github.com/joho/godotenv v1.5.1/go.mod h1:f4LDr5Voq0i2e/R5DDNOoa2zzDfwtkZa6DnEwAbqwq4=
